
Microsoft Visual Studio Solution File, Format Version 12.00
# Visual Studio Version 16
VisualStudioVersion = 16.0.29519.181
MinimumVisualStudioVersion = 10.0.40219.1
Project("{FAE04EC0-301F-11D3-BF4B-00C04F79EFBC}") = "Task23_Advanced", "Task23_Advanced\Task23_Advanced.csproj", "{031FD9AD-A002-450F-8CD9-795A5676F435}"
EndProject
Project("{FAE04EC0-301F-11D3-BF4B-00C04F79EFBC}") = "Task23_AdvancedTests", "Task23_AdvancedTests\Task23_AdvancedTests.csproj", "{6010A765-FE9C-413A-BBA7-810D66FC822C}"
EndProject
Global
	GlobalSection(SolutionConfigurationPlatforms) = preSolution
		Debug|Any CPU = Debug|Any CPU
		Release|Any CPU = Release|Any CPU
	EndGlobalSection
	GlobalSection(ProjectConfigurationPlatforms) = postSolution
		{031FD9AD-A002-450F-8CD9-795A5676F435}.Debug|Any CPU.ActiveCfg = Debug|Any CPU
		{031FD9AD-A002-450F-8CD9-795A5676F435}.Debug|Any CPU.Build.0 = Debug|Any CPU
		{031FD9AD-A002-450F-8CD9-795A5676F435}.Release|Any CPU.ActiveCfg = Release|Any CPU
		{031FD9AD-A002-450F-8CD9-795A5676F435}.Release|Any CPU.Build.0 = Release|Any CPU
		{6010A765-FE9C-413A-BBA7-810D66FC822C}.Debug|Any CPU.ActiveCfg = Debug|Any CPU
		{6010A765-FE9C-413A-BBA7-810D66FC822C}.Debug|Any CPU.Build.0 = Debug|Any CPU
		{6010A765-FE9C-413A-BBA7-810D66FC822C}.Release|Any CPU.ActiveCfg = Release|Any CPU
		{6010A765-FE9C-413A-BBA7-810D66FC822C}.Release|Any CPU.Build.0 = Release|Any CPU
	EndGlobalSection
	GlobalSection(SolutionProperties) = preSolution
		HideSolutionNode = FALSE
	EndGlobalSection
	GlobalSection(ExtensibilityGlobals) = postSolution
		SolutionGuid = {264AC100-E998-4DB2-B8BA-5F1581AFE02B}
	EndGlobalSection
EndGlobal
